
Microsoft Visual Studio Solution File, Format Version 12.00
# Visual Studio Version 17
VisualStudioVersion = 17.3.32929.385
MinimumVisualStudioVersion = 10.0.40219.1
Project("{FAE04EC0-301F-11D3-BF4B-00C04F79EFBC}") = "iQHub", "iQHub.csproj", "{EB36C1BF-A3C9-42B6-A9ED-CD9BD0D3EC32}"
EndProject
Global
	GlobalSection(SolutionConfigurationPlatforms) = preSolution
		Debug|Any CPU = Debug|Any CPU
		Release|Any CPU = Release|Any CPU
	EndGlobalSection
	GlobalSection(ProjectConfigurationPlatforms) = postSolution
		{EB36C1BF-A3C9-42B6-A9ED-CD9BD0D3EC32}.Debug|Any CPU.ActiveCfg = Debug|Any CPU
		{EB36C1BF-A3C9-42B6-A9ED-CD9BD0D3EC32}.Debug|Any CPU.Build.0 = Debug|Any CPU
		{EB36C1BF-A3C9-42B6-A9ED-CD9BD0D3EC32}.Release|Any CPU.ActiveCfg = Release|Any CPU
		{EB36C1BF-A3C9-42B6-A9ED-CD9BD0D3EC32}.Release|Any CPU.Build.0 = Release|Any CPU
	EndGlobalSection
	GlobalSection(SolutionProperties) = preSolution
		HideSolutionNode = FALSE
	EndGlobalSection
	GlobalSection(ExtensibilityGlobals) = postSolution
		SolutionGuid = {557A9309-4872-43B5-9561-03693C9CA30A}
	EndGlobalSection
EndGlobal
